// !$*UTF8*$!
{
	archiveVersion = 1;
	classes = {
	};
	objectVersion = 46;
	objects = {

/* Begin PBXAggregateTarget section */
		3A7967AC45D949B29325B979 /* ZERO_CHECK */ = {
			isa = PBXAggregateTarget;
			buildConfigurationList = 9B3838B09A0940909C4163C8 /* Build configuration list for PBXAggregateTarget "ZERO_CHECK" */;
			buildPhases = (
				28E98CA110661008535614DB /* Generate CMakeFiles/ZERO_CHECK */,
			);
			dependencies = (
			);
			name = ZERO_CHECK;
			productName = ZERO_CHECK;
		};
		70D95B89464D46A38D55026E /* ALL_BUILD */ = {
			isa = PBXAggregateTarget;
			buildConfigurationList = 2C07AC64616A4931B8F0020C /* Build configuration list for PBXAggregateTarget "ALL_BUILD" */;
			buildPhases = (
				FB16CEF76ED40BFB47800FD3 /* Generate CMakeFiles/ALL_BUILD */,
			);
			dependencies = (
				49D7F4187B984F4A8849B23B /* PBXTargetDependency */,
				1EC7D04A90674473B401F5EF /* PBXTargetDependency */,
			);
			name = ALL_BUILD;
			productName = ALL_BUILD;
		};
/* End PBXAggregateTarget section */

/* Begin PBXBuildFile section */
		6B6C8D189C824067A297DBAA /* /Users/seymour/projects/engine/src/engine.cpp */ = {isa = PBXBuildFile; fileRef = 654E7581F9F54A37906FF83E /* /Users/seymour/projects/engine/src/engine.cpp */; };
		EBEBD3ECCED6402894CD2436 /* /Users/seymour/projects/engine/include/engine.hpp */ = {isa = PBXBuildFile; fileRef = 66C914E35AB5496EAC7F502A /* /Users/seymour/projects/engine/include/engine.hpp */; };
		FC268541ABF1425AB2C8A6ED /* /Users/seymour/projects/engine/CMakeLists.txt */ = {isa = PBXBuildFile; fileRef = E7718C8673B54DC7848B5080 /* /Users/seymour/projects/engine/CMakeLists.txt */; };
/* End PBXBuildFile section */

/* Begin PBXBuildStyle section */
		19E81556544F42A28EFB824F /* MinSizeRel */ = {
			isa = PBXBuildStyle;
			buildSettings = {
				COPY_PHASE_STRIP = NO;
			};
			name = MinSizeRel;
		};
		71A388C7FE61439596368D3A /* Release */ = {
			isa = PBXBuildStyle;
			buildSettings = {
				COPY_PHASE_STRIP = NO;
			};
			name = Release;
		};
		8A56C0F8B4FC4424A54E0F5D /* RelWithDebInfo */ = {
			isa = PBXBuildStyle;
			buildSettings = {
				COPY_PHASE_STRIP = NO;
			};
			name = RelWithDebInfo;
		};
		B41E868408E64780BF947EB1 /* Debug */ = {
			isa = PBXBuildStyle;
			buildSettings = {
				COPY_PHASE_STRIP = NO;
			};
			name = Debug;
		};
/* End PBXBuildStyle section */

/* Begin PBXContainerItemProxy section */
		17A07097087144BCBE637AA3 /* PBXContainerItemProxy */ = {
			isa = PBXContainerItemProxy;
			containerPortal = 69F21A923C9A465191000AF6 /* Project object */;
			proxyType = 1;
			remoteGlobalIDString = E31A9C261FFC46D9A55DDD51;
			remoteInfo = engine;
		};
		34EA226EF85C4BEAA1A79372 /* PBXContainerItemProxy */ = {
			isa = PBXContainerItemProxy;
			containerPortal = 69F21A923C9A465191000AF6 /* Project object */;
			proxyType = 1;
			remoteGlobalIDString = 3A7967AC45D949B29325B979;
			remoteInfo = ZERO_CHECK;
		};
		4E365B9FDBED45298C67B753 /* PBXContainerItemProxy */ = {
			isa = PBXContainerItemProxy;
			containerPortal = 69F21A923C9A465191000AF6 /* Project object */;
			proxyType = 1;
			remoteGlobalIDString = 3A7967AC45D949B29325B979;
			remoteInfo = ZERO_CHECK;
		};
/* End PBXContainerItemProxy section */

/* Begin PBXFileReference section */
		31AB663E0A9C4EEC8CDC6E0E /* /Users/seymour/projects/engine/CMakeLists.txt */ = {isa = PBXFileReference; explicitFileType = sourcecode.text; fileEncoding = 4; name = CMakeLists.txt; path = CMakeLists.txt; sourceTree = SOURCE_ROOT; };
		654E7581F9F54A37906FF83E /* /Users/seymour/projects/engine/src/engine.cpp */ = {isa = PBXFileReference; explicitFileType = sourcecode.cpp.cpp; fileEncoding = 4; name = engine.cpp; path = src/engine.cpp; sourceTree = SOURCE_ROOT; };
		66C914E35AB5496EAC7F502A /* /Users/seymour/projects/engine/include/engine.hpp */ = {isa = PBXFileReference; explicitFileType = sourcecode.cpp.h; fileEncoding = 4; name = engine.hpp; path = include/engine.hpp; sourceTree = SOURCE_ROOT; };
		9F4C0BCCF81A42D3A0AEDAE8 /* engine */ = {isa = PBXFileReference; explicitFileType = "compiled.mach-o.executable"; path = engine; sourceTree = BUILT_PRODUCTS_DIR; };
		E7718C8673B54DC7848B5080 /* /Users/seymour/projects/engine/CMakeLists.txt */ = {isa = PBXFileReference; explicitFileType = sourcecode.text; fileEncoding = 4; name = CMakeLists.txt; path = CMakeLists.txt; sourceTree = SOURCE_ROOT; };
/* End PBXFileReference section */

/* Begin PBXFrameworksBuildPhase section */
		AF769FA7403E4636BEC54170 /* Frameworks */ = {
			isa = PBXFrameworksBuildPhase;
			buildActionMask = 2147483647;
			files = (
			);
			runOnlyForDeploymentPostprocessing = 0;
		};
/* End PBXFrameworksBuildPhase section */

/* Begin PBXGroup section */
		134BDA7EA66C43B2B7E14EAE /* CMake Rules */ = {
			isa = PBXGroup;
			children = (
			);
			name = "CMake Rules";
			sourceTree = "<group>";
		};
		2879147BC97844018A709837 /* ALL_BUILD */ = {
			isa = PBXGroup;
			children = (
				134BDA7EA66C43B2B7E14EAE /* CMake Rules */,
				31AB663E0A9C4EEC8CDC6E0E /* /Users/seymour/projects/engine/CMakeLists.txt */,
			);
			name = ALL_BUILD;
			sourceTree = "<group>";
		};
		943395B7C1A444AFBACA1DD0 /* Source Files */ = {
			isa = PBXGroup;
			children = (
				654E7581F9F54A37906FF83E /* /Users/seymour/projects/engine/src/engine.cpp */,
			);
			name = "Source Files";
			sourceTree = "<group>";
		};
		B8AD66C883AA41EAA34FD2FB = {
			isa = PBXGroup;
			children = (
				E0933BE077D34FB6A3D1230E /* engine */,
				2879147BC97844018A709837 /* ALL_BUILD */,
				D8DB694E99EB421798481EE0 /* Products */,
				D897250DE03943C6825C3E64 /* Frameworks */,
			);
			sourceTree = "<group>";
		};
		D897250DE03943C6825C3E64 /* Frameworks */ = {
			isa = PBXGroup;
			children = (
			);
			name = Frameworks;
			sourceTree = "<group>";
		};
		D8DB694E99EB421798481EE0 /* Products */ = {
			isa = PBXGroup;
			children = (
				9F4C0BCCF81A42D3A0AEDAE8 /* engine */,
			);
			name = Products;
			sourceTree = "<group>";
		};
		E0933BE077D34FB6A3D1230E /* engine */ = {
			isa = PBXGroup;
			children = (
				E232C3A05C4D4D8499C0D3FC /* Header Files */,
				943395B7C1A444AFBACA1DD0 /* Source Files */,
				E7718C8673B54DC7848B5080 /* /Users/seymour/projects/engine/CMakeLists.txt */,
			);
			name = engine;
			sourceTree = "<group>";
		};
		E232C3A05C4D4D8499C0D3FC /* Header Files */ = {
			isa = PBXGroup;
			children = (
				66C914E35AB5496EAC7F502A /* /Users/seymour/projects/engine/include/engine.hpp */,
			);
			name = "Header Files";
			sourceTree = "<group>";
		};
/* End PBXGroup section */

/* Begin PBXNativeTarget section */
		E31A9C261FFC46D9A55DDD51 /* engine */ = {
			isa = PBXNativeTarget;
			buildConfigurationList = EFFD5F0B119143C980960A79 /* Build configuration list for PBXNativeTarget "engine" */;
			buildPhases = (
				3E01E71DC60C4679BFD8397B /* Sources */,
				AF769FA7403E4636BEC54170 /* Frameworks */,
			);
			buildRules = (
			);
			dependencies = (
				DBEFA28EEC134711B92612BA /* PBXTargetDependency */,
			);
			name = engine;
			productName = engine;
			productReference = 9F4C0BCCF81A42D3A0AEDAE8 /* engine */;
			productType = "com.apple.product-type.tool";
		};
/* End PBXNativeTarget section */

/* Begin PBXProject section */
		69F21A923C9A465191000AF6 /* Project object */ = {
			isa = PBXProject;
			attributes = {
				BuildIndependentTargetsInParallel = YES;
				LastUpgradeCheck = 1410;
			};
			buildConfigurationList = C136D73062CC45BD9D282384 /* Build configuration list for PBXProject "engine" */;
			buildSettings = {
			};
			buildStyles = (
				B41E868408E64780BF947EB1 /* Debug */,
				71A388C7FE61439596368D3A /* Release */,
				19E81556544F42A28EFB824F /* MinSizeRel */,
				8A56C0F8B4FC4424A54E0F5D /* RelWithDebInfo */,
			);
			compatibilityVersion = "Xcode 3.2";
			hasScannedForEncodings = 0;
			mainGroup = B8AD66C883AA41EAA34FD2FB;
			projectDirPath = /Users/seymour/projects/engine;
			projectRoot = "";
			targets = (
				70D95B89464D46A38D55026E /* ALL_BUILD */,
				3A7967AC45D949B29325B979 /* ZERO_CHECK */,
				E31A9C261FFC46D9A55DDD51 /* engine */,
			);
		};
/* End PBXProject section */

/* Begin PBXShellScriptBuildPhase section */
		28E98CA110661008535614DB /* Generate CMakeFiles/ZERO_CHECK */ = {
			isa = PBXShellScriptBuildPhase;
			alwaysOutOfDate = 1;
			buildActionMask = 2147483647;
			files = (
			);
			inputPaths = (
			);
			name = "Generate CMakeFiles/ZERO_CHECK";
			outputPaths = (
/Users/seymour/projects/engine/IDE/CMakeFiles/ZERO_CHECK			);
			runOnlyForDeploymentPostprocessing = 0;
			shellPath = /bin/sh;
			shellScript = "set -e
if test \"$CONFIGURATION\" = \"Debug\"; then :
  cd /Users/seymour/projects/engine/IDE
  make -f /Users/seymour/projects/engine/IDE/CMakeScripts/ReRunCMake.make
fi
if test \"$CONFIGURATION\" = \"Release\"; then :
  cd /Users/seymour/projects/engine/IDE
  make -f /Users/seymour/projects/engine/IDE/CMakeScripts/ReRunCMake.make
fi
if test \"$CONFIGURATION\" = \"MinSizeRel\"; then :
  cd /Users/seymour/projects/engine/IDE
  make -f /Users/seymour/projects/engine/IDE/CMakeScripts/ReRunCMake.make
fi
if test \"$CONFIGURATION\" = \"RelWithDebInfo\"; then :
  cd /Users/seymour/projects/engine/IDE
  make -f /Users/seymour/projects/engine/IDE/CMakeScripts/ReRunCMake.make
fi
";
			showEnvVarsInLog = 0;
		};
		3C0110FC8322DE7E50886E21 = {
			isa = PBXShellScriptBuildPhase;
			buildActionMask = 2147483647;
			files = (
			);
			inputPaths = (
			);
			outputPaths = (
			);
			runOnlyForDeploymentPostprocessing = 0;
			shellPath = /bin/sh;
			shellScript = "# shell script goes here
exit 0";
			showEnvVarsInLog = 0;
		};
		9B50530E35CC49C82C2FACCF = {
			isa = PBXShellScriptBuildPhase;
			buildActionMask = 2147483647;
			files = (
			);
			inputPaths = (
			);
			outputPaths = (
			);
			runOnlyForDeploymentPostprocessing = 0;
			shellPath = /bin/sh;
			shellScript = "# shell script goes here
exit 0";
			showEnvVarsInLog = 0;
		};
		FB16CEF76ED40BFB47800FD3 /* Generate CMakeFiles/ALL_BUILD */ = {
			isa = PBXShellScriptBuildPhase;
			alwaysOutOfDate = 1;
			buildActionMask = 2147483647;
			files = (
			);
			inputPaths = (
			);
			name = "Generate CMakeFiles/ALL_BUILD";
			outputPaths = (
/Users/seymour/projects/engine/IDE/CMakeFiles/ALL_BUILD			);
			runOnlyForDeploymentPostprocessing = 0;
			shellPath = /bin/sh;
			shellScript = "set -e
if test \"$CONFIGURATION\" = \"Debug\"; then :
  cd /Users/seymour/projects/engine/IDE
  echo Build\\ all\\ projects
fi
if test \"$CONFIGURATION\" = \"Release\"; then :
  cd /Users/seymour/projects/engine/IDE
  echo Build\\ all\\ projects
fi
if test \"$CONFIGURATION\" = \"MinSizeRel\"; then :
  cd /Users/seymour/projects/engine/IDE
  echo Build\\ all\\ projects
fi
if test \"$CONFIGURATION\" = \"RelWithDebInfo\"; then :
  cd /Users/seymour/projects/engine/IDE
  echo Build\\ all\\ projects
fi
";
			showEnvVarsInLog = 0;
		};
/* End PBXShellScriptBuildPhase section */

/* Begin PBXSourcesBuildPhase section */
		3E01E71DC60C4679BFD8397B /* Sources */ = {
			isa = PBXSourcesBuildPhase;
			buildActionMask = 2147483647;
			files = (
				6B6C8D189C824067A297DBAA /* /Users/seymour/projects/engine/src/engine.cpp */,
			);
			runOnlyForDeploymentPostprocessing = 0;
		};
/* End PBXSourcesBuildPhase section */

/* Begin PBXTargetDependency section */
		1EC7D04A90674473B401F5EF /* PBXTargetDependency */ = {
			isa = PBXTargetDependency;
			target = E31A9C261FFC46D9A55DDD51 /* engine */;
			targetProxy = 17A07097087144BCBE637AA3 /* PBXContainerItemProxy */;
		};
		49D7F4187B984F4A8849B23B /* PBXTargetDependency */ = {
			isa = PBXTargetDependency;
			target = 3A7967AC45D949B29325B979 /* ZERO_CHECK */;
			targetProxy = 34EA226EF85C4BEAA1A79372 /* PBXContainerItemProxy */;
		};
		DBEFA28EEC134711B92612BA /* PBXTargetDependency */ = {
			isa = PBXTargetDependency;
			target = 3A7967AC45D949B29325B979 /* ZERO_CHECK */;
			targetProxy = 4E365B9FDBED45298C67B753 /* PBXContainerItemProxy */;
		};
/* End PBXTargetDependency section */

/* Begin XCBuildConfiguration section */
		0339F72BDBC042FD9665927E /* RelWithDebInfo */ = {
			isa = XCBuildConfiguration;
			buildSettings = {
				COMBINE_HIDPI_IMAGES = YES;
				EXECUTABLE_PREFIX = "";
				EXECUTABLE_SUFFIX = "";
				GCC_GENERATE_DEBUGGING_SYMBOLS = YES;
				GCC_INLINES_ARE_PRIVATE_EXTERN = NO;
				GCC_OPTIMIZATION_LEVEL = 2;
				GCC_PREPROCESSOR_DEFINITIONS = ("'CMAKE_INTDIR=\"$(CONFIGURATION)$(EFFECTIVE_PLATFORM_NAME)\"'","$(inherited)");
				GCC_SYMBOLS_PRIVATE_EXTERN = NO;
				INSTALL_PATH = "";
				OTHER_CPLUSPLUSFLAGS = "       -DNDEBUG -F /Library/Frameworks/ ";
				OTHER_LDFLAGS = ("-F /Library/Frameworks/ -framework SDL2 -Wl,-search_paths_first -Wl,-headerpad_max_install_names","$(inherited)");
				OTHER_REZFLAGS = "";
				PRODUCT_NAME = engine;
				SECTORDER_FLAGS = "";
				SYMROOT = /Users/seymour/projects/engine/IDE;
				SYSTEM_HEADER_SEARCH_PATHS = (/Library/Frameworks/SDL2.framework/Headers,"$(inherited)");
				USE_HEADERMAP = NO;
				WARNING_CFLAGS = ("$(inherited)");
			};
			name = RelWithDebInfo;
		};
		11178F7CDCCA49A391A7F445 /* Debug */ = {
			isa = XCBuildConfiguration;
			buildSettings = {
				COMBINE_HIDPI_IMAGES = YES;
				GCC_GENERATE_DEBUGGING_SYMBOLS = YES;
				GCC_INLINES_ARE_PRIVATE_EXTERN = NO;
				GCC_OPTIMIZATION_LEVEL = 0;
				GCC_PREPROCESSOR_DEFINITIONS = ("'CMAKE_INTDIR=\"$(CONFIGURATION)$(EFFECTIVE_PLATFORM_NAME)\"'","$(inherited)");
				GCC_SYMBOLS_PRIVATE_EXTERN = NO;
				INSTALL_PATH = "";
				OTHER_LDFLAGS = ("","$(inherited)");
				OTHER_REZFLAGS = "";
				PRODUCT_NAME = ZERO_CHECK;
				SECTORDER_FLAGS = "";
				SYMROOT = /Users/seymour/projects/engine/IDE;
				USE_HEADERMAP = NO;
				WARNING_CFLAGS = ("$(inherited)");
			};
			name = Debug;
		};
		32F2936917AF4E83AF64AE1E /* RelWithDebInfo */ = {
			isa = XCBuildConfiguration;
			buildSettings = {
				COMBINE_HIDPI_IMAGES = YES;
				GCC_GENERATE_DEBUGGING_SYMBOLS = YES;
				GCC_INLINES_ARE_PRIVATE_EXTERN = NO;
				GCC_OPTIMIZATION_LEVEL = 0;
				GCC_PREPROCESSOR_DEFINITIONS = ("'CMAKE_INTDIR=\"$(CONFIGURATION)$(EFFECTIVE_PLATFORM_NAME)\"'","$(inherited)");
				GCC_SYMBOLS_PRIVATE_EXTERN = NO;
				INSTALL_PATH = "";
				OTHER_LDFLAGS = ("","$(inherited)");
				OTHER_REZFLAGS = "";
				PRODUCT_NAME = ZERO_CHECK;
				SECTORDER_FLAGS = "";
				SYMROOT = /Users/seymour/projects/engine/IDE;
				USE_HEADERMAP = NO;
				WARNING_CFLAGS = ("$(inherited)");
			};
			name = RelWithDebInfo;
		};
		3761B34743224D0DB844FE32 /* MinSizeRel */ = {
			isa = XCBuildConfiguration;
			buildSettings = {
				COMBINE_HIDPI_IMAGES = YES;
				GCC_GENERATE_DEBUGGING_SYMBOLS = YES;
				GCC_INLINES_ARE_PRIVATE_EXTERN = NO;
				GCC_OPTIMIZATION_LEVEL = 0;
				GCC_PREPROCESSOR_DEFINITIONS = ("'CMAKE_INTDIR=\"$(CONFIGURATION)$(EFFECTIVE_PLATFORM_NAME)\"'","$(inherited)");
				GCC_SYMBOLS_PRIVATE_EXTERN = NO;
				INSTALL_PATH = "";
				OTHER_LDFLAGS = ("","$(inherited)");
				OTHER_REZFLAGS = "";
				PRODUCT_NAME = ZERO_CHECK;
				SECTORDER_FLAGS = "";
				SYMROOT = /Users/seymour/projects/engine/IDE;
				USE_HEADERMAP = NO;
				WARNING_CFLAGS = ("$(inherited)");
			};
			name = MinSizeRel;
		};
		37B0B965C69B4F2EB6D8AC95 /* Release */ = {
			isa = XCBuildConfiguration;
			buildSettings = {
				COMBINE_HIDPI_IMAGES = YES;
				GCC_GENERATE_DEBUGGING_SYMBOLS = YES;
				GCC_INLINES_ARE_PRIVATE_EXTERN = NO;
				GCC_OPTIMIZATION_LEVEL = 0;
				GCC_PREPROCESSOR_DEFINITIONS = ("'CMAKE_INTDIR=\"$(CONFIGURATION)$(EFFECTIVE_PLATFORM_NAME)\"'","$(inherited)");
				GCC_SYMBOLS_PRIVATE_EXTERN = NO;
				INSTALL_PATH = "";
				OTHER_LDFLAGS = ("","$(inherited)");
				OTHER_REZFLAGS = "";
				PRODUCT_NAME = ZERO_CHECK;
				SECTORDER_FLAGS = "";
				SYMROOT = /Users/seymour/projects/engine/IDE;
				USE_HEADERMAP = NO;
				WARNING_CFLAGS = ("$(inherited)");
			};
			name = Release;
		};
		418F5F5793B1418F869C951C /* Release */ = {
			isa = XCBuildConfiguration;
			buildSettings = {
				COMBINE_HIDPI_IMAGES = YES;
				EXECUTABLE_PREFIX = "";
				EXECUTABLE_SUFFIX = "";
				GCC_GENERATE_DEBUGGING_SYMBOLS = NO;
				GCC_INLINES_ARE_PRIVATE_EXTERN = NO;
				GCC_OPTIMIZATION_LEVEL = 3;
				GCC_PREPROCESSOR_DEFINITIONS = ("'CMAKE_INTDIR=\"$(CONFIGURATION)$(EFFECTIVE_PLATFORM_NAME)\"'","$(inherited)");
				GCC_SYMBOLS_PRIVATE_EXTERN = NO;
				INSTALL_PATH = "";
				OTHER_CPLUSPLUSFLAGS = "    -DNDEBUG -F /Library/Frameworks/ ";
				OTHER_LDFLAGS = ("-F /Library/Frameworks/ -framework SDL2 -Wl,-search_paths_first -Wl,-headerpad_max_install_names","$(inherited)");
				OTHER_REZFLAGS = "";
				PRODUCT_NAME = engine;
				SECTORDER_FLAGS = "";
				SYMROOT = /Users/seymour/projects/engine/IDE;
				SYSTEM_HEADER_SEARCH_PATHS = (/Library/Frameworks/SDL2.framework/Headers,"$(inherited)");
				USE_HEADERMAP = NO;
				WARNING_CFLAGS = ("$(inherited)");
			};
			name = Release;
		};
		4C1AE59216124DA29F7E3192 /* RelWithDebInfo */ = {
			isa = XCBuildConfiguration;
			buildSettings = {
				COMBINE_HIDPI_IMAGES = YES;
				GCC_GENERATE_DEBUGGING_SYMBOLS = YES;
				GCC_INLINES_ARE_PRIVATE_EXTERN = NO;
				GCC_OPTIMIZATION_LEVEL = 0;
				GCC_PREPROCESSOR_DEFINITIONS = ("'CMAKE_INTDIR=\"$(CONFIGURATION)$(EFFECTIVE_PLATFORM_NAME)\"'","$(inherited)");
				GCC_SYMBOLS_PRIVATE_EXTERN = NO;
				INSTALL_PATH = "";
				OTHER_LDFLAGS = ("","$(inherited)");
				OTHER_REZFLAGS = "";
				PRODUCT_NAME = ALL_BUILD;
				SECTORDER_FLAGS = "";
				SYMROOT = /Users/seymour/projects/engine/IDE;
				USE_HEADERMAP = NO;
				WARNING_CFLAGS = ("$(inherited)");
			};
			name = RelWithDebInfo;
		};
		5E552D86697D4FEE9F2DE53F /* Release */ = {
			isa = XCBuildConfiguration;
			buildSettings = {
				COMBINE_HIDPI_IMAGES = YES;
				GCC_GENERATE_DEBUGGING_SYMBOLS = YES;
				GCC_INLINES_ARE_PRIVATE_EXTERN = NO;
				GCC_OPTIMIZATION_LEVEL = 0;
				GCC_PREPROCESSOR_DEFINITIONS = ("'CMAKE_INTDIR=\"$(CONFIGURATION)$(EFFECTIVE_PLATFORM_NAME)\"'","$(inherited)");
				GCC_SYMBOLS_PRIVATE_EXTERN = NO;
				INSTALL_PATH = "";
				OTHER_LDFLAGS = ("","$(inherited)");
				OTHER_REZFLAGS = "";
				PRODUCT_NAME = ALL_BUILD;
				SECTORDER_FLAGS = "";
				SYMROOT = /Users/seymour/projects/engine/IDE;
				USE_HEADERMAP = NO;
				WARNING_CFLAGS = ("$(inherited)");
			};
			name = Release;
		};
		66004D0869D840B4B2E9D23E /* Debug */ = {
			isa = XCBuildConfiguration;
			buildSettings = {
				COMBINE_HIDPI_IMAGES = YES;
				GCC_GENERATE_DEBUGGING_SYMBOLS = YES;
				GCC_INLINES_ARE_PRIVATE_EXTERN = NO;
				GCC_OPTIMIZATION_LEVEL = 0;
				GCC_PREPROCESSOR_DEFINITIONS = ("'CMAKE_INTDIR=\"$(CONFIGURATION)$(EFFECTIVE_PLATFORM_NAME)\"'","$(inherited)");
				GCC_SYMBOLS_PRIVATE_EXTERN = NO;
				INSTALL_PATH = "";
				OTHER_LDFLAGS = ("","$(inherited)");
				OTHER_REZFLAGS = "";
				PRODUCT_NAME = ALL_BUILD;
				SECTORDER_FLAGS = "";
				SYMROOT = /Users/seymour/projects/engine/IDE;
				USE_HEADERMAP = NO;
				WARNING_CFLAGS = ("$(inherited)");
			};
			name = Debug;
		};
		8ECE9DCB386F4949AF256986 /* MinSizeRel */ = {
			isa = XCBuildConfiguration;
			buildSettings = {
				COMBINE_HIDPI_IMAGES = YES;
				GCC_GENERATE_DEBUGGING_SYMBOLS = YES;
				GCC_INLINES_ARE_PRIVATE_EXTERN = NO;
				GCC_OPTIMIZATION_LEVEL = 0;
				GCC_PREPROCESSOR_DEFINITIONS = ("'CMAKE_INTDIR=\"$(CONFIGURATION)$(EFFECTIVE_PLATFORM_NAME)\"'","$(inherited)");
				GCC_SYMBOLS_PRIVATE_EXTERN = NO;
				INSTALL_PATH = "";
				OTHER_LDFLAGS = ("","$(inherited)");
				OTHER_REZFLAGS = "";
				PRODUCT_NAME = ALL_BUILD;
				SECTORDER_FLAGS = "";
				SYMROOT = /Users/seymour/projects/engine/IDE;
				USE_HEADERMAP = NO;
				WARNING_CFLAGS = ("$(inherited)");
			};
			name = MinSizeRel;
		};
		9259260725B649BCBACA8A05 /* MinSizeRel */ = {
			isa = XCBuildConfiguration;
			buildSettings = {
				COMBINE_HIDPI_IMAGES = YES;
				EXECUTABLE_PREFIX = "";
				EXECUTABLE_SUFFIX = "";
				GCC_GENERATE_DEBUGGING_SYMBOLS = NO;
				GCC_INLINES_ARE_PRIVATE_EXTERN = NO;
				GCC_OPTIMIZATION_LEVEL = s;
				GCC_PREPROCESSOR_DEFINITIONS = ("'CMAKE_INTDIR=\"$(CONFIGURATION)$(EFFECTIVE_PLATFORM_NAME)\"'","$(inherited)");
				GCC_SYMBOLS_PRIVATE_EXTERN = NO;
				INSTALL_PATH = "";
				OTHER_CPLUSPLUSFLAGS = "    -DNDEBUG -F /Library/Frameworks/ ";
				OTHER_LDFLAGS = ("-F /Library/Frameworks/ -framework SDL2 -Wl,-search_paths_first -Wl,-headerpad_max_install_names","$(inherited)");
				OTHER_REZFLAGS = "";
				PRODUCT_NAME = engine;
				SECTORDER_FLAGS = "";
				SYMROOT = /Users/seymour/projects/engine/IDE;
				SYSTEM_HEADER_SEARCH_PATHS = (/Library/Frameworks/SDL2.framework/Headers,"$(inherited)");
				USE_HEADERMAP = NO;
				WARNING_CFLAGS = ("$(inherited)");
			};
			name = MinSizeRel;
		};
		AEAF8FA39C1A4B0CA5548BC7 /* Release */ = {
			isa = XCBuildConfiguration;
			buildSettings = {
				ARCHS = "$(NATIVE_ARCH_ACTUAL)";
				ONLY_ACTIVE_ARCH = YES;
				SDKROOT = /Applications/Xcode.app/Contents/Developer/Platforms/MacOSX.platform/Developer/SDKs/MacOSX13.0.sdk;
				SYMROOT = /Users/seymour/projects/engine/IDE/build;
			};
			name = Release;
		};
		AF10888CD7824707BED3EDC2 /* Debug */ = {
			isa = XCBuildConfiguration;
			buildSettings = {
				ARCHS = "$(NATIVE_ARCH_ACTUAL)";
				ONLY_ACTIVE_ARCH = YES;
				SDKROOT = /Applications/Xcode.app/Contents/Developer/Platforms/MacOSX.platform/Developer/SDKs/MacOSX13.0.sdk;
				SYMROOT = /Users/seymour/projects/engine/IDE/build;
			};
			name = Debug;
		};
		BC88744E989B490C96D75BBD /* MinSizeRel */ = {
			isa = XCBuildConfiguration;
			buildSettings = {
				ARCHS = "$(NATIVE_ARCH_ACTUAL)";
				ONLY_ACTIVE_ARCH = YES;
				SDKROOT = /Applications/Xcode.app/Contents/Developer/Platforms/MacOSX.platform/Developer/SDKs/MacOSX13.0.sdk;
				SYMROOT = /Users/seymour/projects/engine/IDE/build;
			};
			name = MinSizeRel;
		};
		CFD338F4ABBF4F848A259481 /* RelWithDebInfo */ = {
			isa = XCBuildConfiguration;
			buildSettings = {
				ARCHS = "$(NATIVE_ARCH_ACTUAL)";
				ONLY_ACTIVE_ARCH = YES;
				SDKROOT = /Applications/Xcode.app/Contents/Developer/Platforms/MacOSX.platform/Developer/SDKs/MacOSX13.0.sdk;
				SYMROOT = /Users/seymour/projects/engine/IDE/build;
			};
			name = RelWithDebInfo;
		};
		EA0C47674B6F4440BD20EE03 /* Debug */ = {
			isa = XCBuildConfiguration;
			buildSettings = {
				COMBINE_HIDPI_IMAGES = YES;
				EXECUTABLE_PREFIX = "";
				EXECUTABLE_SUFFIX = "";
				GCC_GENERATE_DEBUGGING_SYMBOLS = YES;
				GCC_INLINES_ARE_PRIVATE_EXTERN = NO;
				GCC_OPTIMIZATION_LEVEL = 0;
				GCC_PREPROCESSOR_DEFINITIONS = ("'CMAKE_INTDIR=\"$(CONFIGURATION)$(EFFECTIVE_PLATFORM_NAME)\"'","$(inherited)");
				GCC_SYMBOLS_PRIVATE_EXTERN = NO;
				INSTALL_PATH = "";
				OTHER_CPLUSPLUSFLAGS = "   -F /Library/Frameworks/ ";
				OTHER_LDFLAGS = ("-F /Library/Frameworks/ -framework SDL2 -Wl,-search_paths_first -Wl,-headerpad_max_install_names","$(inherited)");
				OTHER_REZFLAGS = "";
				PRODUCT_NAME = engine;
				SECTORDER_FLAGS = "";
				SYMROOT = /Users/seymour/projects/engine/IDE;
				SYSTEM_HEADER_SEARCH_PATHS = (/Library/Frameworks/SDL2.framework/Headers,"$(inherited)");
				USE_HEADERMAP = NO;
				WARNING_CFLAGS = ("$(inherited)");
			};
			name = Debug;
		};
/* End XCBuildConfiguration section */

/* Begin XCConfigurationList section */
		2C07AC64616A4931B8F0020C /* Build configuration list for PBXAggregateTarget "ALL_BUILD" */ = {
			isa = XCConfigurationList;
			buildConfigurations = (
				66004D0869D840B4B2E9D23E /* Debug */,
				5E552D86697D4FEE9F2DE53F /* Release */,
				8ECE9DCB386F4949AF256986 /* MinSizeRel */,
				4C1AE59216124DA29F7E3192 /* RelWithDebInfo */,
			);
			defaultConfigurationIsVisible = 0;
			defaultConfigurationName = Debug;
		};
		9B3838B09A0940909C4163C8 /* Build configuration list for PBXAggregateTarget "ZERO_CHECK" */ = {
			isa = XCConfigurationList;
			buildConfigurations = (
				11178F7CDCCA49A391A7F445 /* Debug */,
				37B0B965C69B4F2EB6D8AC95 /* Release */,
				3761B34743224D0DB844FE32 /* MinSizeRel */,
				32F2936917AF4E83AF64AE1E /* RelWithDebInfo */,
			);
			defaultConfigurationIsVisible = 0;
			defaultConfigurationName = Debug;
		};
		C136D73062CC45BD9D282384 /* Build configuration list for PBXProject "engine" */ = {
			isa = XCConfigurationList;
			buildConfigurations = (
				AF10888CD7824707BED3EDC2 /* Debug */,
				AEAF8FA39C1A4B0CA5548BC7 /* Release */,
				BC88744E989B490C96D75BBD /* MinSizeRel */,
				CFD338F4ABBF4F848A259481 /* RelWithDebInfo */,
			);
			defaultConfigurationIsVisible = 0;
			defaultConfigurationName = Debug;
		};
		EFFD5F0B119143C980960A79 /* Build configuration list for PBXNativeTarget "engine" */ = {
			isa = XCConfigurationList;
			buildConfigurations = (
				EA0C47674B6F4440BD20EE03 /* Debug */,
				418F5F5793B1418F869C951C /* Release */,
				9259260725B649BCBACA8A05 /* MinSizeRel */,
				0339F72BDBC042FD9665927E /* RelWithDebInfo */,
			);
			defaultConfigurationIsVisible = 0;
			defaultConfigurationName = Debug;
		};
/* End XCConfigurationList section */
	};
	rootObject = 69F21A923C9A465191000AF6 /* Project object */;
}
